// !$*UTF8*$!
{
	archiveVersion = 1;
	classes = {
	};
	objectVersion = 46;
	objects = {

/* Begin PBXBuildFile section */
		02B619673118A96DADD0C657 /* Pods_FlixTests.framework in Frameworks */ = {isa = PBXBuildFile; fileRef = 04FE0BFB05D003196A3CE20F /* Pods_FlixTests.framework */; };
		C57E83316DFCCF007C059ACD /* Pods_Flix.framework in Frameworks */ = {isa = PBXBuildFile; fileRef = 9844A02938F3F20D869921E2 /* Pods_Flix.framework */; };
		DF9B4ED11EFB2C77008B6326 /* NowPlayingViewController.swift in Sources */ = {isa = PBXBuildFile; fileRef = DF9B4ED01EFB2C77008B6326 /* NowPlayingViewController.swift */; };
		DF9B4ED31EFB2C9D008B6326 /* MovieCell.swift in Sources */ = {isa = PBXBuildFile; fileRef = DF9B4ED21EFB2C9D008B6326 /* MovieCell.swift */; };
		DFCF78E11EFB115700687F3C /* AppDelegate.swift in Sources */ = {isa = PBXBuildFile; fileRef = DFCF78E01EFB115700687F3C /* AppDelegate.swift */; };
		DFCF78E61EFB115700687F3C /* Main.storyboard in Resources */ = {isa = PBXBuildFile; fileRef = DFCF78E41EFB115700687F3C /* Main.storyboard */; };
		DFCF78E81EFB115700687F3C /* Assets.xcassets in Resources */ = {isa = PBXBuildFile; fileRef = DFCF78E71EFB115700687F3C /* Assets.xcassets */; };
		DFCF78EB1EFB115700687F3C /* LaunchScreen.storyboard in Resources */ = {isa = PBXBuildFile; fileRef = DFCF78E91EFB115700687F3C /* LaunchScreen.storyboard */; };
		DFCF78F61EFB115700687F3C /* FlixTests.swift in Sources */ = {isa = PBXBuildFile; fileRef = DFCF78F51EFB115700687F3C /* FlixTests.swift */; };
		DFCF79011EFB115700687F3C /* FlixUITests.swift in Sources */ = {isa = PBXBuildFile; fileRef = DFCF79001EFB115700687F3C /* FlixUITests.swift */; };
		F7C2F7A7F482D89CEF38CE54 /* Pods_FlixUITests.framework in Frameworks */ = {isa = PBXBuildFile; fileRef = C60A208F63EF5571A3C6039E /* Pods_FlixUITests.framework */; };
/* End PBXBuildFile section */

/* Begin PBXContainerItemProxy section */
		DFCF78F21EFB115700687F3C /* PBXContainerItemProxy */ = {
			isa = PBXContainerItemProxy;
			containerPortal = DFCF78D51EFB115700687F3C /* Project object */;
			proxyType = 1;
			remoteGlobalIDString = DFCF78DC1EFB115700687F3C;
			remoteInfo = Flix;
		};
		DFCF78FD1EFB115700687F3C /* PBXContainerItemProxy */ = {
			isa = PBXContainerItemProxy;
			containerPortal = DFCF78D51EFB115700687F3C /* Project object */;
			proxyType = 1;
			remoteGlobalIDString = DFCF78DC1EFB115700687F3C;
			remoteInfo = Flix;
		};
/* End PBXContainerItemProxy section */

/* Begin PBXFileReference section */
		04FE0BFB05D003196A3CE20F /* Pods_FlixTests.framework */ = {isa = PBXFileReference; explicitFileType = wrapper.framework; includeInIndex = 0; path = Pods_FlixTests.framework; sourceTree = BUILT_PRODUCTS_DIR; };
		1EBE691CE345D12A27B433A9 /* Pods-FlixTests.debug.xcconfig */ = {isa = PBXFileReference; includeInIndex = 1; lastKnownFileType = text.xcconfig; name = "Pods-FlixTests.debug.xcconfig"; path = "Pods/Target Support Files/Pods-FlixTests/Pods-FlixTests.debug.xcconfig"; sourceTree = "<group>"; };
		3FAFD2A644160D0F74D81ED5 /* Pods-Flix.release.xcconfig */ = {isa = PBXFileReference; includeInIndex = 1; lastKnownFileType = text.xcconfig; name = "Pods-Flix.release.xcconfig"; path = "Pods/Target Support Files/Pods-Flix/Pods-Flix.release.xcconfig"; sourceTree = "<group>"; };
		9844A02938F3F20D869921E2 /* Pods_Flix.framework */ = {isa = PBXFileReference; explicitFileType = wrapper.framework; includeInIndex = 0; path = Pods_Flix.framework; sourceTree = BUILT_PRODUCTS_DIR; };
		A2DB29C422F6B5AA6AA54C8E /* Pods-FlixTests.release.xcconfig */ = {isa = PBXFileReference; includeInIndex = 1; lastKnownFileType = text.xcconfig; name = "Pods-FlixTests.release.xcconfig"; path = "Pods/Target Support Files/Pods-FlixTests/Pods-FlixTests.release.xcconfig"; sourceTree = "<group>"; };
		A8ACB18AECA8D9C434DA559B /* Pods-FlixUITests.release.xcconfig */ = {isa = PBXFileReference; includeInIndex = 1; lastKnownFileType = text.xcconfig; name = "Pods-FlixUITests.release.xcconfig"; path = "Pods/Target Support Files/Pods-FlixUITests/Pods-FlixUITests.release.xcconfig"; sourceTree = "<group>"; };
		C60A208F63EF5571A3C6039E /* Pods_FlixUITests.framework */ = {isa = PBXFileReference; explicitFileType = wrapper.framework; includeInIndex = 0; path = Pods_FlixUITests.framework; sourceTree = BUILT_PRODUCTS_DIR; };
		C92E1697859F9B242B8C2729 /* Pods-Flix.debug.xcconfig */ = {isa = PBXFileReference; includeInIndex = 1; lastKnownFileType = text.xcconfig; name = "Pods-Flix.debug.xcconfig"; path = "Pods/Target Support Files/Pods-Flix/Pods-Flix.debug.xcconfig"; sourceTree = "<group>"; };
		D75E6C9EF1168DBDD51F4633 /* Pods-FlixUITests.debug.xcconfig */ = {isa = PBXFileReference; includeInIndex = 1; lastKnownFileType = text.xcconfig; name = "Pods-FlixUITests.debug.xcconfig"; path = "Pods/Target Support Files/Pods-FlixUITests/Pods-FlixUITests.debug.xcconfig"; sourceTree = "<group>"; };
		DF9B4ED01EFB2C77008B6326 /* NowPlayingViewController.swift */ = {isa = PBXFileReference; fileEncoding = 4; lastKnownFileType = sourcecode.swift; name = NowPlayingViewController.swift; path = ../../flix/Flix/NowPlayingViewController.swift; sourceTree = "<group>"; };
		DF9B4ED21EFB2C9D008B6326 /* MovieCell.swift */ = {isa = PBXFileReference; fileEncoding = 4; lastKnownFileType = sourcecode.swift; path = MovieCell.swift; sourceTree = "<group>"; };
		DFCF78DD1EFB115700687F3C /* Flix.app */ = {isa = PBXFileReference; explicitFileType = wrapper.application; includeInIndex = 0; path = Flix.app; sourceTree = BUILT_PRODUCTS_DIR; };
		DFCF78E01EFB115700687F3C /* AppDelegate.swift */ = {isa = PBXFileReference; lastKnownFileType = sourcecode.swift; path = AppDelegate.swift; sourceTree = "<group>"; };
		DFCF78E51EFB115700687F3C /* Base */ = {isa = PBXFileReference; lastKnownFileType = file.storyboard; name = Base; path = Base.lproj/Main.storyboard; sourceTree = "<group>"; };
		DFCF78E71EFB115700687F3C /* Assets.xcassets */ = {isa = PBXFileReference; lastKnownFileType = folder.assetcatalog; path = Assets.xcassets; sourceTree = "<group>"; };
		DFCF78EA1EFB115700687F3C /* Base */ = {isa = PBXFileReference; lastKnownFileType = file.storyboard; name = Base; path = Base.lproj/LaunchScreen.storyboard; sourceTree = "<group>"; };
		DFCF78EC1EFB115700687F3C /* Info.plist */ = {isa = PBXFileReference; lastKnownFileType = text.plist.xml; path = Info.plist; sourceTree = "<group>"; };
		DFCF78F11EFB115700687F3C /* FlixTests.xctest */ = {isa = PBXFileReference; explicitFileType = wrapper.cfbundle; includeInIndex = 0; path = FlixTests.xctest; sourceTree = BUILT_PRODUCTS_DIR; };
		DFCF78F51EFB115700687F3C /* FlixTests.swift */ = {isa = PBXFileReference; lastKnownFileType = sourcecode.swift; path = FlixTests.swift; sourceTree = "<group>"; };
		DFCF78F71EFB115700687F3C /* Info.plist */ = {isa = PBXFileReference; lastKnownFileType = text.plist.xml; path = Info.plist; sourceTree = "<group>"; };
		DFCF78FC1EFB115700687F3C /* FlixUITests.xctest */ = {isa = PBXFileReference; explicitFileType = wrapper.cfbundle; includeInIndex = 0; path = FlixUITests.xctest; sourceTree = BUILT_PRODUCTS_DIR; };
		DFCF79001EFB115700687F3C /* FlixUITests.swift */ = {isa = PBXFileReference; lastKnownFileType = sourcecode.swift; path = FlixUITests.swift; sourceTree = "<group>"; };
		DFCF79021EFB115700687F3C /* Info.plist */ = {isa = PBXFileReference; lastKnownFileType = text.plist.xml; path = Info.plist; sourceTree = "<group>"; };
/* End PBXFileReference section */

/* Begin PBXFrameworksBuildPhase section */
		DFCF78DA1EFB115700687F3C /* Frameworks */ = {
			isa = PBXFrameworksBuildPhase;
			buildActionMask = 2147483647;
			files = (
				C57E83316DFCCF007C059ACD /* Pods_Flix.framework in Frameworks */,
			);
			runOnlyForDeploymentPostprocessing = 0;
		};
		DFCF78EE1EFB115700687F3C /* Frameworks */ = {
			isa = PBXFrameworksBuildPhase;
			buildActionMask = 2147483647;
			files = (
				02B619673118A96DADD0C657 /* Pods_FlixTests.framework in Frameworks */,
			);
			runOnlyForDeploymentPostprocessing = 0;
		};
		DFCF78F91EFB115700687F3C /* Frameworks */ = {
			isa = PBXFrameworksBuildPhase;
			buildActionMask = 2147483647;
			files = (
				F7C2F7A7F482D89CEF38CE54 /* Pods_FlixUITests.framework in Frameworks */,
			);
			runOnlyForDeploymentPostprocessing = 0;
		};
/* End PBXFrameworksBuildPhase section */

/* Begin PBXGroup section */
		421AC289BD7F589332EE325B /* Frameworks */ = {
			isa = PBXGroup;
			children = (
				9844A02938F3F20D869921E2 /* Pods_Flix.framework */,
				04FE0BFB05D003196A3CE20F /* Pods_FlixTests.framework */,
				C60A208F63EF5571A3C6039E /* Pods_FlixUITests.framework */,
			);
			name = Frameworks;
			sourceTree = "<group>";
		};
		D1BDB3B31FEF43128F54C18D /* Pods */ = {
			isa = PBXGroup;
			children = (
				C92E1697859F9B242B8C2729 /* Pods-Flix.debug.xcconfig */,
				3FAFD2A644160D0F74D81ED5 /* Pods-Flix.release.xcconfig */,
				1EBE691CE345D12A27B433A9 /* Pods-FlixTests.debug.xcconfig */,
				A2DB29C422F6B5AA6AA54C8E /* Pods-FlixTests.release.xcconfig */,
				D75E6C9EF1168DBDD51F4633 /* Pods-FlixUITests.debug.xcconfig */,
				A8ACB18AECA8D9C434DA559B /* Pods-FlixUITests.release.xcconfig */,
			);
			name = Pods;
			sourceTree = "<group>";
		};
		DFCF78D41EFB115700687F3C = {
			isa = PBXGroup;
			children = (
				DFCF78DF1EFB115700687F3C /* Flix */,
				DFCF78F41EFB115700687F3C /* FlixTests */,
				DFCF78FF1EFB115700687F3C /* FlixUITests */,
				DFCF78DE1EFB115700687F3C /* Products */,
				D1BDB3B31FEF43128F54C18D /* Pods */,
				421AC289BD7F589332EE325B /* Frameworks */,
			);
			sourceTree = "<group>";
		};
		DFCF78DE1EFB115700687F3C /* Products */ = {
			isa = PBXGroup;
			children = (
				DFCF78DD1EFB115700687F3C /* Flix.app */,
				DFCF78F11EFB115700687F3C /* FlixTests.xctest */,
				DFCF78FC1EFB115700687F3C /* FlixUITests.xctest */,
			);
			name = Products;
			sourceTree = "<group>";
		};
		DFCF78DF1EFB115700687F3C /* Flix */ = {
			isa = PBXGroup;
			children = (
				DF9B4ED01EFB2C77008B6326 /* NowPlayingViewController.swift */,
				DF9B4ED21EFB2C9D008B6326 /* MovieCell.swift */,
				DFCF78E01EFB115700687F3C /* AppDelegate.swift */,
				DFCF78E41EFB115700687F3C /* Main.storyboard */,
				DFCF78E71EFB115700687F3C /* Assets.xcassets */,
				DFCF78E91EFB115700687F3C /* LaunchScreen.storyboard */,
				DFCF78EC1EFB115700687F3C /* Info.plist */,
			);
			path = Flix;
			sourceTree = "<group>";
		};
		DFCF78F41EFB115700687F3C /* FlixTests */ = {
			isa = PBXGroup;
			children = (
				DFCF78F51EFB115700687F3C /* FlixTests.swift */,
				DFCF78F71EFB115700687F3C /* Info.plist */,
			);
			path = FlixTests;
			sourceTree = "<group>";
		};
		DFCF78FF1EFB115700687F3C /* FlixUITests */ = {
			isa = PBXGroup;
			children = (
				DFCF79001EFB115700687F3C /* FlixUITests.swift */,
				DFCF79021EFB115700687F3C /* Info.plist */,
			);
			path = FlixUITests;
			sourceTree = "<group>";
		};
/* End PBXGroup section */

/* Begin PBXNativeTarget section */
		DFCF78DC1EFB115700687F3C /* Flix */ = {
			isa = PBXNativeTarget;
			buildConfigurationList = DFCF79051EFB115700687F3C /* Build configuration list for PBXNativeTarget "Flix" */;
			buildPhases = (
				77F9B50CEC3AC1B25C837BD2 /* [CP] Check Pods Manifest.lock */,
				DFCF78D91EFB115700687F3C /* Sources */,
				DFCF78DA1EFB115700687F3C /* Frameworks */,
				DFCF78DB1EFB115700687F3C /* Resources */,
				723E146DBBA83B27D413159C /* [CP] Embed Pods Frameworks */,
				218F654BB8112548A8152412 /* [CP] Copy Pods Resources */,
			);
			buildRules = (
			);
			dependencies = (
			);
			name = Flix;
			productName = Flix;
			productReference = DFCF78DD1EFB115700687F3C /* Flix.app */;
			productType = "com.apple.product-type.application";
		};
		DFCF78F01EFB115700687F3C /* FlixTests */ = {
			isa = PBXNativeTarget;
			buildConfigurationList = DFCF79081EFB115700687F3C /* Build configuration list for PBXNativeTarget "FlixTests" */;
			buildPhases = (
				4053A03DC1465B8DC4DBE41F /* [CP] Check Pods Manifest.lock */,
				DFCF78ED1EFB115700687F3C /* Sources */,
				DFCF78EE1EFB115700687F3C /* Frameworks */,
				DFCF78EF1EFB115700687F3C /* Resources */,
				571697C971CD4A108824DE97 /* [CP] Embed Pods Frameworks */,
				4F996CDE4ACF02C3A179043A /* [CP] Copy Pods Resources */,
			);
			buildRules = (
			);
			dependencies = (
				DFCF78F31EFB115700687F3C /* PBXTargetDependency */,
			);
			name = FlixTests;
			productName = FlixTests;
			productReference = DFCF78F11EFB115700687F3C /* FlixTests.xctest */;
			productType = "com.apple.product-type.bundle.unit-test";
		};
		DFCF78FB1EFB115700687F3C /* FlixUITests */ = {
			isa = PBXNativeTarget;
			buildConfigurationList = DFCF790B1EFB115700687F3C /* Build configuration list for PBXNativeTarget "FlixUITests" */;
			buildPhases = (
				91B3F50201F89B2D29403587 /* [CP] Check Pods Manifest.lock */,
				DFCF78F81EFB115700687F3C /* Sources */,
				DFCF78F91EFB115700687F3C /* Frameworks */,
				DFCF78FA1EFB115700687F3C /* Resources */,
				170EC9665E90C1CAE203D876 /* [CP] Embed Pods Frameworks */,
				C9A0438C84F6D6446F51D744 /* [CP] Copy Pods Resources */,
			);
			buildRules = (
			);
			dependencies = (
				DFCF78FE1EFB115700687F3C /* PBXTargetDependency */,
			);
			name = FlixUITests;
			productName = FlixUITests;
			productReference = DFCF78FC1EFB115700687F3C /* FlixUITests.xctest */;
			productType = "com.apple.product-type.bundle.ui-testing";
		};
/* End PBXNativeTarget section */

/* Begin PBXProject section */
		DFCF78D51EFB115700687F3C /* Project object */ = {
			isa = PBXProject;
			attributes = {
				LastSwiftUpdateCheck = 0830;
				LastUpgradeCheck = 0830;
				ORGANIZATIONNAME = "Katie Jiang";
				TargetAttributes = {
					DFCF78DC1EFB115700687F3C = {
						CreatedOnToolsVersion = 8.3.2;
						DevelopmentTeam = SMV55D92WY;
						ProvisioningStyle = Automatic;
					};
					DFCF78F01EFB115700687F3C = {
						CreatedOnToolsVersion = 8.3.2;
						DevelopmentTeam = SMV55D92WY;
						ProvisioningStyle = Automatic;
						TestTargetID = DFCF78DC1EFB115700687F3C;
					};
					DFCF78FB1EFB115700687F3C = {
						CreatedOnToolsVersion = 8.3.2;
						DevelopmentTeam = SMV55D92WY;
						ProvisioningStyle = Automatic;
						TestTargetID = DFCF78DC1EFB115700687F3C;
					};
				};
			};
			buildConfigurationList = DFCF78D81EFB115700687F3C /* Build configuration list for PBXProject "Flix" */;
			compatibilityVersion = "Xcode 3.2";
			developmentRegion = English;
			hasScannedForEncodings = 0;
			knownRegions = (
				en,
				Base,
			);
			mainGroup = DFCF78D41EFB115700687F3C;
			productRefGroup = DFCF78DE1EFB115700687F3C /* Products */;
			projectDirPath = "";
			projectRoot = "";
			targets = (
				DFCF78DC1EFB115700687F3C /* Flix */,
				DFCF78F01EFB115700687F3C /* FlixTests */,
				DFCF78FB1EFB115700687F3C /* FlixUITests */,
			);
		};
/* End PBXProject section */

/* Begin PBXResourcesBuildPhase section */
		DFCF78DB1EFB115700687F3C /* Resources */ = {
			isa = PBXResourcesBuildPhase;
			buildActionMask = 2147483647;
			files = (
				DFCF78EB1EFB115700687F3C /* LaunchScreen.storyboard in Resources */,
				DFCF78E81EFB115700687F3C /* Assets.xcassets in Resources */,
				DFCF78E61EFB115700687F3C /* Main.storyboard in Resources */,
			);
			runOnlyForDeploymentPostprocessing = 0;
		};
		DFCF78EF1EFB115700687F3C /* Resources */ = {
			isa = PBXResourcesBuildPhase;
			buildActionMask = 2147483647;
			files = (
			);
			runOnlyForDeploymentPostprocessing = 0;
		};
		DFCF78FA1EFB115700687F3C /* Resources */ = {
			isa = PBXResourcesBuildPhase;
			buildActionMask = 2147483647;
			files = (
			);
			runOnlyForDeploymentPostprocessing = 0;
		};
/* End PBXResourcesBuildPhase section */

/* Begin PBXShellScriptBuildPhase section */
		170EC9665E90C1CAE203D876 /* [CP] Embed Pods Frameworks */ = {
			isa = PBXShellScriptBuildPhase;
			buildActionMask = 2147483647;
			files = (
			);
			inputPaths = (
			);
			name = "[CP] Embed Pods Frameworks";
			outputPaths = (
			);
			runOnlyForDeploymentPostprocessing = 0;
			shellPath = /bin/sh;
			shellScript = "\"${SRCROOT}/Pods/Target Support Files/Pods-FlixUITests/Pods-FlixUITests-frameworks.sh\"\n";
			showEnvVarsInLog = 0;
		};
		218F654BB8112548A8152412 /* [CP] Copy Pods Resources */ = {
			isa = PBXShellScriptBuildPhase;
			buildActionMask = 2147483647;
			files = (
			);
			inputPaths = (
			);
			name = "[CP] Copy Pods Resources";
			outputPaths = (
			);
			runOnlyForDeploymentPostprocessing = 0;
			shellPath = /bin/sh;
			shellScript = "\"${SRCROOT}/Pods/Target Support Files/Pods-Flix/Pods-Flix-resources.sh\"\n";
			showEnvVarsInLog = 0;
		};
		4053A03DC1465B8DC4DBE41F /* [CP] Check Pods Manifest.lock */ = {
			isa = PBXShellScriptBuildPhase;
			buildActionMask = 2147483647;
			files = (
			);
			inputPaths = (
			);
			name = "[CP] Check Pods Manifest.lock";
			outputPaths = (
			);
			runOnlyForDeploymentPostprocessing = 0;
			shellPath = /bin/sh;
			shellScript = "diff \"${PODS_PODFILE_DIR_PATH}/Podfile.lock\" \"${PODS_ROOT}/Manifest.lock\" > /dev/null\nif [ $? != 0 ] ; then\n    # print error to STDERR\n    echo \"error: The sandbox is not in sync with the Podfile.lock. Run 'pod install' or update your CocoaPods installation.\" >&2\n    exit 1\nfi\n";
			showEnvVarsInLog = 0;
		};
		4F996CDE4ACF02C3A179043A /* [CP] Copy Pods Resources */ = {
			isa = PBXShellScriptBuildPhase;
			buildActionMask = 2147483647;
			files = (
			);
			inputPaths = (
			);
			name = "[CP] Copy Pods Resources";
			outputPaths = (
			);
			runOnlyForDeploymentPostprocessing = 0;
			shellPath = /bin/sh;
			shellScript = "\"${SRCROOT}/Pods/Target Support Files/Pods-FlixTests/Pods-FlixTests-resources.sh\"\n";
			showEnvVarsInLog = 0;
		};
		571697C971CD4A108824DE97 /* [CP] Embed Pods Frameworks */ = {
			isa = PBXShellScriptBuildPhase;
			buildActionMask = 2147483647;
			files = (
			);
			inputPaths = (
			);
			name = "[CP] Embed Pods Frameworks";
			outputPaths = (
			);
			runOnlyForDeploymentPostprocessing = 0;
			shellPath = /bin/sh;
			shellScript = "\"${SRCROOT}/Pods/Target Support Files/Pods-FlixTests/Pods-FlixTests-frameworks.sh\"\n";
			showEnvVarsInLog = 0;
		};
		723E146DBBA83B27D413159C /* [CP] Embed Pods Frameworks */ = {
			isa = PBXShellScriptBuildPhase;
			buildActionMask = 2147483647;
			files = (
			);
			inputPaths = (
			);
			name = "[CP] Embed Pods Frameworks";
			outputPaths = (
			);
			runOnlyForDeploymentPostprocessing = 0;
			shellPath = /bin/sh;
			shellScript = "\"${SRCROOT}/Pods/Target Support Files/Pods-Flix/Pods-Flix-frameworks.sh\"\n";
			showEnvVarsInLog = 0;
		};
		77F9B50CEC3AC1B25C837BD2 /* [CP] Check Pods Manifest.lock */ = {
			isa = PBXShellScriptBuildPhase;
			buildActionMask = 2147483647;
			files = (
			);
			inputPaths = (
			);
			name = "[CP] Check Pods Manifest.lock";
			outputPaths = (
			);
			runOnlyForDeploymentPostprocessing = 0;
			shellPath = /bin/sh;
			shellScript = "diff \"${PODS_PODFILE_DIR_PATH}/Podfile.lock\" \"${PODS_ROOT}/Manifest.lock\" > /dev/null\nif [ $? != 0 ] ; then\n    # print error to STDERR\n    echo \"error: The sandbox is not in sync with the Podfile.lock. Run 'pod install' or update your CocoaPods installation.\" >&2\n    exit 1\nfi\n";
			showEnvVarsInLog = 0;
		};
		91B3F50201F89B2D29403587 /* [CP] Check Pods Manifest.lock */ = {
			isa = PBXShellScriptBuildPhase;
			buildActionMask = 2147483647;
			files = (
			);
			inputPaths = (
			);
			name = "[CP] Check Pods Manifest.lock";
			outputPaths = (
			);
			runOnlyForDeploymentPostprocessing = 0;
			shellPath = /bin/sh;
			shellScript = "diff \"${PODS_PODFILE_DIR_PATH}/Podfile.lock\" \"${PODS_ROOT}/Manifest.lock\" > /dev/null\nif [ $? != 0 ] ; then\n    # print error to STDERR\n    echo \"error: The sandbox is not in sync with the Podfile.lock. Run 'pod install' or update your CocoaPods installation.\" >&2\n    exit 1\nfi\n";
			showEnvVarsInLog = 0;
		};
		C9A0438C84F6D6446F51D744 /* [CP] Copy Pods Resources */ = {
			isa = PBXShellScriptBuildPhase;
			buildActionMask = 2147483647;
			files = (
			);
			inputPaths = (
			);
			name = "[CP] Copy Pods Resources";
			outputPaths = (
			);
			runOnlyForDeploymentPostprocessing = 0;
			shellPath = /bin/sh;
			shellScript = "\"${SRCROOT}/Pods/Target Support Files/Pods-FlixUITests/Pods-FlixUITests-resources.sh\"\n";
			showEnvVarsInLog = 0;
		};
/* End PBXShellScriptBuildPhase section */

/* Begin PBXSourcesBuildPhase section */
		DFCF78D91EFB115700687F3C /* Sources */ = {
			isa = PBXSourcesBuildPhase;
			buildActionMask = 2147483647;
			files = (
				DF9B4ED11EFB2C77008B6326 /* NowPlayingViewController.swift in Sources */,
				DFCF78E11EFB115700687F3C /* AppDelegate.swift in Sources */,
				DF9B4ED31EFB2C9D008B6326 /* MovieCell.swift in Sources */,
			);
			runOnlyForDeploymentPostprocessing = 0;
		};
		DFCF78ED1EFB115700687F3C /* Sources */ = {
			isa = PBXSourcesBuildPhase;
			buildActionMask = 2147483647;
			files = (
				DFCF78F61EFB115700687F3C /* FlixTests.swift in Sources */,
			);
			runOnlyForDeploymentPostprocessing = 0;
		};
		DFCF78F81EFB115700687F3C /* Sources */ = {
			isa = PBXSourcesBuildPhase;
			buildActionMask = 2147483647;
			files = (
				DFCF79011EFB115700687F3C /* FlixUITests.swift in Sources */,
			);
			runOnlyForDeploymentPostprocessing = 0;
		};
/* End PBXSourcesBuildPhase section */

/* Begin PBXTargetDependency section */
		DFCF78F31EFB115700687F3C /* PBXTargetDependency */ = {
			isa = PBXTargetDependency;
			target = DFCF78DC1EFB115700687F3C /* Flix */;
			targetProxy = DFCF78F21EFB115700687F3C /* PBXContainerItemProxy */;
		};
		DFCF78FE1EFB115700687F3C /* PBXTargetDependency */ = {
			isa = PBXTargetDependency;
			target = DFCF78DC1EFB115700687F3C /* Flix */;
			targetProxy = DFCF78FD1EFB115700687F3C /* PBXContainerItemProxy */;
		};
/* End PBXTargetDependency section */

/* Begin PBXVariantGroup section */
		DFCF78E41EFB115700687F3C /* Main.storyboard */ = {
			isa = PBXVariantGroup;
			children = (
				DFCF78E51EFB115700687F3C /* Base */,
			);
			name = Main.storyboard;
			sourceTree = "<group>";
		};
		DFCF78E91EFB115700687F3C /* LaunchScreen.storyboard */ = {
			isa = PBXVariantGroup;
			children = (
				DFCF78EA1EFB115700687F3C /* Base */,
			);
			name = LaunchScreen.storyboard;
			sourceTree = "<group>";
		};
/* End PBXVariantGroup section */

/* Begin XCBuildConfiguration section */
		DFCF79031EFB115700687F3C /* Debug */ = {
			isa = XCBuildConfiguration;
			buildSettings = {
				ALWAYS_SEARCH_USER_PATHS = NO;
				CLANG_ANALYZER_NONNULL = YES;
				CLANG_ANALYZER_NUMBER_OBJECT_CONVERSION = YES_AGGRESSIVE;
				CLANG_CXX_LANGUAGE_STANDARD = "gnu++0x";
				CLANG_CXX_LIBRARY = "libc++";
				CLANG_ENABLE_MODULES = YES;
				CLANG_ENABLE_OBJC_ARC = YES;
				CLANG_WARN_BOOL_CONVERSION = YES;
				CLANG_WARN_CONSTANT_CONVERSION = YES;
				CLANG_WARN_DIRECT_OBJC_ISA_USAGE = YES_ERROR;
				CLANG_WARN_DOCUMENTATION_COMMENTS = YES;
				CLANG_WARN_EMPTY_BODY = YES;
				CLANG_WARN_ENUM_CONVERSION = YES;
				CLANG_WARN_INFINITE_RECURSION = YES;
				CLANG_WARN_INT_CONVERSION = YES;
				CLANG_WARN_OBJC_ROOT_CLASS = YES_ERROR;
				CLANG_WARN_SUSPICIOUS_MOVE = YES;
				CLANG_WARN_UNREACHABLE_CODE = YES;
				CLANG_WARN__DUPLICATE_METHOD_MATCH = YES;
				"CODE_SIGN_IDENTITY[sdk=iphoneos*]" = "iPhone Developer";
				COPY_PHASE_STRIP = NO;
				DEBUG_INFORMATION_FORMAT = dwarf;
				ENABLE_STRICT_OBJC_MSGSEND = YES;
				ENABLE_TESTABILITY = YES;
				GCC_C_LANGUAGE_STANDARD = gnu99;
				GCC_DYNAMIC_NO_PIC = NO;
				GCC_NO_COMMON_BLOCKS = YES;
				GCC_OPTIMIZATION_LEVEL = 0;
				GCC_PREPROCESSOR_DEFINITIONS = (
					"DEBUG=1",
					"$(inherited)",
				);
				GCC_WARN_64_TO_32_BIT_CONVERSION = YES;
				GCC_WARN_ABOUT_RETURN_TYPE = YES_ERROR;
				GCC_WARN_UNDECLARED_SELECTOR = YES;
				GCC_WARN_UNINITIALIZED_AUTOS = YES_AGGRESSIVE;
				GCC_WARN_UNUSED_FUNCTION = YES;
				GCC_WARN_UNUSED_VARIABLE = YES;
				IPHONEOS_DEPLOYMENT_TARGET = 10.3;
				MTL_ENABLE_DEBUG_INFO = YES;
				ONLY_ACTIVE_ARCH = YES;
				SDKROOT = iphoneos;
				SWIFT_ACTIVE_COMPILATION_CONDITIONS = DEBUG;
				SWIFT_OPTIMIZATION_LEVEL = "-Onone";
				TARGETED_DEVICE_FAMILY = "1,2";
			};
			name = Debug;
		};
		DFCF79041EFB115700687F3C /* Release */ = {
			isa = XCBuildConfiguration;
			buildSettings = {
				ALWAYS_SEARCH_USER_PATHS = NO;
				CLANG_ANALYZER_NONNULL = YES;
				CLANG_ANALYZER_NUMBER_OBJECT_CONVERSION = YES_AGGRESSIVE;
				CLANG_CXX_LANGUAGE_STANDARD = "gnu++0x";
				CLANG_CXX_LIBRARY = "libc++";
				CLANG_ENABLE_MODULES = YES;
				CLANG_ENABLE_OBJC_ARC = YES;
				CLANG_WARN_BOOL_CONVERSION = YES;
				CLANG_WARN_CONSTANT_CONVERSION = YES;
				CLANG_WARN_DIRECT_OBJC_ISA_USAGE = YES_ERROR;
				CLANG_WARN_DOCUMENTATION_COMMENTS = YES;
				CLANG_WARN_EMPTY_BODY = YES;
				CLANG_WARN_ENUM_CONVERSION = YES;
				CLANG_WARN_INFINITE_RECURSION = YES;
				CLANG_WARN_INT_CONVERSION = YES;
				CLANG_WARN_OBJC_ROOT_CLASS = YES_ERROR;
				CLANG_WARN_SUSPICIOUS_MOVE = YES;
				CLANG_WARN_UNREACHABLE_CODE = YES;
				CLANG_WARN__DUPLICATE_METHOD_MATCH = YES;
				"CODE_SIGN_IDENTITY[sdk=iphoneos*]" = "iPhone Developer";
				COPY_PHASE_STRIP = NO;
				DEBUG_INFORMATION_FORMAT = "dwarf-with-dsym";
				ENABLE_NS_ASSERTIONS = NO;
				ENABLE_STRICT_OBJC_MSGSEND = YES;
				GCC_C_LANGUAGE_STANDARD = gnu99;
				GCC_NO_COMMON_BLOCKS = YES;
				GCC_WARN_64_TO_32_BIT_CONVERSION = YES;
				GCC_WARN_ABOUT_RETURN_TYPE = YES_ERROR;
				GCC_WARN_UNDECLARED_SELECTOR = YES;
				GCC_WARN_UNINITIALIZED_AUTOS = YES_AGGRESSIVE;
				GCC_WARN_UNUSED_FUNCTION = YES;
				GCC_WARN_UNUSED_VARIABLE = YES;
				IPHONEOS_DEPLOYMENT_TARGET = 10.3;
				MTL_ENABLE_DEBUG_INFO = NO;
				SDKROOT = iphoneos;
				SWIFT_OPTIMIZATION_LEVEL = "-Owholemodule";
				TARGETED_DEVICE_FAMILY = "1,2";
				VALIDATE_PRODUCT = YES;
			};
			name = Release;
		};
		DFCF79061EFB115700687F3C /* Debug */ = {
			isa = XCBuildConfiguration;
			baseConfigurationReference = C92E1697859F9B242B8C2729 /* Pods-Flix.debug.xcconfig */;
			buildSettings = {
				ASSETCATALOG_COMPILER_APPICON_NAME = AppIcon;
				DEVELOPMENT_TEAM = SMV55D92WY;
				INFOPLIST_FILE = Flix/Info.plist;
				LD_RUNPATH_SEARCH_PATHS = "$(inherited) @executable_path/Frameworks";
				PRODUCT_BUNDLE_IDENTIFIER = com.katiejiang.Flix;
				PRODUCT_NAME = "$(TARGET_NAME)";
				SWIFT_VERSION = 3.0;
				TARGETED_DEVICE_FAMILY = 1;
			};
			name = Debug;
		};
		DFCF79071EFB115700687F3C /* Release */ = {
			isa = XCBuildConfiguration;
			baseConfigurationReference = 3FAFD2A644160D0F74D81ED5 /* Pods-Flix.release.xcconfig */;
			buildSettings = {
				ASSETCATALOG_COMPILER_APPICON_NAME = AppIcon;
				DEVELOPMENT_TEAM = SMV55D92WY;
				INFOPLIST_FILE = Flix/Info.plist;
				LD_RUNPATH_SEARCH_PATHS = "$(inherited) @executable_path/Frameworks";
				PRODUCT_BUNDLE_IDENTIFIER = com.katiejiang.Flix;
				PRODUCT_NAME = "$(TARGET_NAME)";
				SWIFT_VERSION = 3.0;
				TARGETED_DEVICE_FAMILY = 1;
			};
			name = Release;
		};
		DFCF79091EFB115700687F3C /* Debug */ = {
			isa = XCBuildConfiguration;
			baseConfigurationReference = 1EBE691CE345D12A27B433A9 /* Pods-FlixTests.debug.xcconfig */;
			buildSettings = {
				ALWAYS_EMBED_SWIFT_STANDARD_LIBRARIES = YES;
				BUNDLE_LOADER = "$(TEST_HOST)";
				DEVELOPMENT_TEAM = SMV55D92WY;
				INFOPLIST_FILE = FlixTests/Info.plist;
				LD_RUNPATH_SEARCH_PATHS = "$(inherited) @executable_path/Frameworks @loader_path/Frameworks";
				PRODUCT_BUNDLE_IDENTIFIER = com.katiejiang.FlixTests;
				PRODUCT_NAME = "$(TARGET_NAME)";
				SWIFT_VERSION = 3.0;
				TEST_HOST = "$(BUILT_PRODUCTS_DIR)/Flix.app/Flix";
			};
			name = Debug;
		};
		DFCF790A1EFB115700687F3C /* Release */ = {
			isa = XCBuildConfiguration;
			baseConfigurationReference = A2DB29C422F6B5AA6AA54C8E /* Pods-FlixTests.release.xcconfig */;
			buildSettings = {
				ALWAYS_EMBED_SWIFT_STANDARD_LIBRARIES = YES;
				BUNDLE_LOADER = "$(TEST_HOST)";
				DEVELOPMENT_TEAM = SMV55D92WY;
				INFOPLIST_FILE = FlixTests/Info.plist;
				LD_RUNPATH_SEARCH_PATHS = "$(inherited) @executable_path/Frameworks @loader_path/Frameworks";
				PRODUCT_BUNDLE_IDENTIFIER = com.katiejiang.FlixTests;
				PRODUCT_NAME = "$(TARGET_NAME)";
				SWIFT_VERSION = 3.0;
				TEST_HOST = "$(BUILT_PRODUCTS_DIR)/Flix.app/Flix";
			};
			name = Release;
		};
		DFCF790C1EFB115700687F3C /* Debug */ = {
			isa = XCBuildConfiguration;
			baseConfigurationReference = D75E6C9EF1168DBDD51F4633 /* Pods-FlixUITests.debug.xcconfig */;
			buildSettings = {
				ALWAYS_EMBED_SWIFT_STANDARD_LIBRARIES = YES;
				DEVELOPMENT_TEAM = SMV55D92WY;
				INFOPLIST_FILE = FlixUITests/Info.plist;
				LD_RUNPATH_SEARCH_PATHS = "$(inherited) @executable_path/Frameworks @loader_path/Frameworks";
				PRODUCT_BUNDLE_IDENTIFIER = com.katiejiang.FlixUITests;
				PRODUCT_NAME = "$(TARGET_NAME)";
				SWIFT_VERSION = 3.0;
				TEST_TARGET_NAME = Flix;
			};
			name = Debug;
		};
		DFCF790D1EFB115700687F3C /* Release */ = {
			isa = XCBuildConfiguration;
			baseConfigurationReference = A8ACB18AECA8D9C434DA559B /* Pods-FlixUITests.release.xcconfig */;
			buildSettings = {
				ALWAYS_EMBED_SWIFT_STANDARD_LIBRARIES = YES;
				DEVELOPMENT_TEAM = SMV55D92WY;
				INFOPLIST_FILE = FlixUITests/Info.plist;
				LD_RUNPATH_SEARCH_PATHS = "$(inherited) @executable_path/Frameworks @loader_path/Frameworks";
				PRODUCT_BUNDLE_IDENTIFIER = com.katiejiang.FlixUITests;
				PRODUCT_NAME = "$(TARGET_NAME)";
				SWIFT_VERSION = 3.0;
				TEST_TARGET_NAME = Flix;
			};
			name = Release;
		};
/* End XCBuildConfiguration section */

/* Begin XCConfigurationList section */
		DFCF78D81EFB115700687F3C /* Build configuration list for PBXProject "Flix" */ = {
			isa = XCConfigurationList;
			buildConfigurations = (
				DFCF79031EFB115700687F3C /* Debug */,
				DFCF79041EFB115700687F3C /* Release */,
			);
			defaultConfigurationIsVisible = 0;
			defaultConfigurationName = Release;
		};
		DFCF79051EFB115700687F3C /* Build configuration list for PBXNativeTarget "Flix" */ = {
			isa = XCConfigurationList;
			buildConfigurations = (
				DFCF79061EFB115700687F3C /* Debug */,
				DFCF79071EFB115700687F3C /* Release */,
			);
			defaultConfigurationIsVisible = 0;
			defaultConfigurationName = Release;
		};
		DFCF79081EFB115700687F3C /* Build configuration list for PBXNativeTarget "FlixTests" */ = {
			isa = XCConfigurationList;
			buildConfigurations = (
				DFCF79091EFB115700687F3C /* Debug */,
				DFCF790A1EFB115700687F3C /* Release */,
			);
			defaultConfigurationIsVisible = 0;
			defaultConfigurationName = Release;
		};
		DFCF790B1EFB115700687F3C /* Build configuration list for PBXNativeTarget "FlixUITests" */ = {
			isa = XCConfigurationList;
			buildConfigurations = (
				DFCF790C1EFB115700687F3C /* Debug */,
				DFCF790D1EFB115700687F3C /* Release */,
			);
			defaultConfigurationIsVisible = 0;
			defaultConfigurationName = Release;
		};
/* End XCConfigurationList section */
	};
	rootObject = DFCF78D51EFB115700687F3C /* Project object */;
}
